
Microsoft Visual Studio Solution File, Format Version 12.00
# Visual Studio Version 17
VisualStudioVersion = 17.2.32526.322
MinimumVisualStudioVersion = 10.0.40219.1
Project("{FAE04EC0-301F-11D3-BF4B-00C04F79EFBC}") = "Project_comp2084", "Project_comp2084\Project_comp2084.csproj", "{DF6E341F-56B9-4A68-8A20-88091559A1C3}"
EndProject
Global
	GlobalSection(SolutionConfigurationPlatforms) = preSolution
		Debug|Any CPU = Debug|Any CPU
		Release|Any CPU = Release|Any CPU
	EndGlobalSection
	GlobalSection(ProjectConfigurationPlatforms) = postSolution
		{DF6E341F-56B9-4A68-8A20-88091559A1C3}.Debug|Any CPU.ActiveCfg = Debug|Any CPU
		{DF6E341F-56B9-4A68-8A20-88091559A1C3}.Debug|Any CPU.Build.0 = Debug|Any CPU
		{DF6E341F-56B9-4A68-8A20-88091559A1C3}.Release|Any CPU.ActiveCfg = Release|Any CPU
		{DF6E341F-56B9-4A68-8A20-88091559A1C3}.Release|Any CPU.Build.0 = Release|Any CPU
	EndGlobalSection
	GlobalSection(SolutionProperties) = preSolution
		HideSolutionNode = FALSE
	EndGlobalSection
	GlobalSection(ExtensibilityGlobals) = postSolution
		SolutionGuid = {9125DDC9-0028-44D3-865C-F8931F042E62}
	EndGlobalSection
EndGlobal
